
Microsoft Visual Studio Solution File, Format Version 12.00
# Visual Studio Version 17
VisualStudioVersion = 17.6.33712.159
MinimumVisualStudioVersion = 10.0.40219.1
Project("{9A19103F-16F7-4668-BE54-9A1E7A4F7556}") = "MMC.API", "MMC.API\MMC.API.csproj", "{04424F38-99C6-4E9F-9666-0FFEDE8B206B}"
EndProject
Project("{2150E333-8FDC-42A3-9474-1A3956D46DE8}") = "src", "src", "{1765844C-2FE5-46EA-8B7C-9FCA92FD9409}"
EndProject
Project("{9A19103F-16F7-4668-BE54-9A1E7A4F7556}") = "MMC.Infrastructure", "MMC.Infrastructure\MMC.Infrastructure.csproj", "{1DAA27AE-32F2-4190-8D1D-F4CBF964A920}"
EndProject
Project("{9A19103F-16F7-4668-BE54-9A1E7A4F7556}") = "MMC.Domain", "MMC.Domain\MMC.Domain.csproj", "{012CEE03-07E4-456D-BA01-9C9E36D7823F}"
EndProject
Project("{9A19103F-16F7-4668-BE54-9A1E7A4F7556}") = "MMC.Application", "MMC.Application\MMC.Application.csproj", "{7D0A1136-B0BE-4C76-B970-F900D8EDEB2E}"
EndProject
Project("{2150E333-8FDC-42A3-9474-1A3956D46DE8}") = "gateway", "gateway", "{3FD15E7C-8F2F-42E4-A5F8-5B0B4D0311D5}"
EndProject
Project("{2150E333-8FDC-42A3-9474-1A3956D46DE8}") = "validator", "validator", "{358BF8B4-DB1A-4582-8580-6461F340902B}"
EndProject
Project("{9A19103F-16F7-4668-BE54-9A1E7A4F7556}") = "Validator.API", "Validator.API\Validator.API.csproj", "{620C55E9-CBB5-4E3B-A505-EA39722A16AA}"
EndProject
Project("{9A19103F-16F7-4668-BE54-9A1E7A4F7556}") = "Validator.Infrastructure", "Validator.Infrastructure\Validator.Infrastructure.csproj", "{D85E67D4-B911-4D84-AF18-50A16DF420D6}"
EndProject
Project("{9A19103F-16F7-4668-BE54-9A1E7A4F7556}") = "Validator.Domain", "Validator.Domain\Validator.Domain.csproj", "{DFE2F384-E1E0-48DD-94D2-1D080B3E1670}"
EndProject
Project("{9A19103F-16F7-4668-BE54-9A1E7A4F7556}") = "Validator.Application", "Validator.Application\Validator.Application.csproj", "{D4363CBC-B5FA-4CDF-A13C-EB80BBF2E2D2}"
EndProject
Project("{FAE04EC0-301F-11D3-BF4B-00C04F79EFBC}") = "MMC.WEB", "MMC.WEB\MMC.WEB.csproj", "{1500126D-39FC-4632-AD3E-20A3CA2A735A}"
EndProject
Project("{FAE04EC0-301F-11D3-BF4B-00C04F79EFBC}") = "MMC.BO", "MMC.BO\MMC.BO.csproj", "{9E18B088-0D9A-44EB-8CC8-58BA3558F319}"
EndProject
Global
	GlobalSection(SolutionConfigurationPlatforms) = preSolution
		Debug|Any CPU = Debug|Any CPU
		Release|Any CPU = Release|Any CPU
	EndGlobalSection
	GlobalSection(ProjectConfigurationPlatforms) = postSolution
		{04424F38-99C6-4E9F-9666-0FFEDE8B206B}.Debug|Any CPU.ActiveCfg = Debug|Any CPU
		{04424F38-99C6-4E9F-9666-0FFEDE8B206B}.Debug|Any CPU.Build.0 = Debug|Any CPU
		{04424F38-99C6-4E9F-9666-0FFEDE8B206B}.Release|Any CPU.ActiveCfg = Release|Any CPU
		{04424F38-99C6-4E9F-9666-0FFEDE8B206B}.Release|Any CPU.Build.0 = Release|Any CPU
		{1DAA27AE-32F2-4190-8D1D-F4CBF964A920}.Debug|Any CPU.ActiveCfg = Debug|Any CPU
		{1DAA27AE-32F2-4190-8D1D-F4CBF964A920}.Debug|Any CPU.Build.0 = Debug|Any CPU
		{1DAA27AE-32F2-4190-8D1D-F4CBF964A920}.Release|Any CPU.ActiveCfg = Release|Any CPU
		{1DAA27AE-32F2-4190-8D1D-F4CBF964A920}.Release|Any CPU.Build.0 = Release|Any CPU
		{012CEE03-07E4-456D-BA01-9C9E36D7823F}.Debug|Any CPU.ActiveCfg = Debug|Any CPU
		{012CEE03-07E4-456D-BA01-9C9E36D7823F}.Debug|Any CPU.Build.0 = Debug|Any CPU
		{012CEE03-07E4-456D-BA01-9C9E36D7823F}.Release|Any CPU.ActiveCfg = Release|Any CPU
		{012CEE03-07E4-456D-BA01-9C9E36D7823F}.Release|Any CPU.Build.0 = Release|Any CPU
		{7D0A1136-B0BE-4C76-B970-F900D8EDEB2E}.Debug|Any CPU.ActiveCfg = Debug|Any CPU
		{7D0A1136-B0BE-4C76-B970-F900D8EDEB2E}.Debug|Any CPU.Build.0 = Debug|Any CPU
		{7D0A1136-B0BE-4C76-B970-F900D8EDEB2E}.Release|Any CPU.ActiveCfg = Release|Any CPU
		{7D0A1136-B0BE-4C76-B970-F900D8EDEB2E}.Release|Any CPU.Build.0 = Release|Any CPU
		{620C55E9-CBB5-4E3B-A505-EA39722A16AA}.Debug|Any CPU.ActiveCfg = Debug|Any CPU
		{620C55E9-CBB5-4E3B-A505-EA39722A16AA}.Debug|Any CPU.Build.0 = Debug|Any CPU
		{620C55E9-CBB5-4E3B-A505-EA39722A16AA}.Release|Any CPU.ActiveCfg = Release|Any CPU
		{620C55E9-CBB5-4E3B-A505-EA39722A16AA}.Release|Any CPU.Build.0 = Release|Any CPU
		{D85E67D4-B911-4D84-AF18-50A16DF420D6}.Debug|Any CPU.ActiveCfg = Debug|Any CPU
		{D85E67D4-B911-4D84-AF18-50A16DF420D6}.Debug|Any CPU.Build.0 = Debug|Any CPU
		{D85E67D4-B911-4D84-AF18-50A16DF420D6}.Release|Any CPU.ActiveCfg = Release|Any CPU
		{D85E67D4-B911-4D84-AF18-50A16DF420D6}.Release|Any CPU.Build.0 = Release|Any CPU
		{DFE2F384-E1E0-48DD-94D2-1D080B3E1670}.Debug|Any CPU.ActiveCfg = Debug|Any CPU
		{DFE2F384-E1E0-48DD-94D2-1D080B3E1670}.Debug|Any CPU.Build.0 = Debug|Any CPU
		{DFE2F384-E1E0-48DD-94D2-1D080B3E1670}.Release|Any CPU.ActiveCfg = Release|Any CPU
		{DFE2F384-E1E0-48DD-94D2-1D080B3E1670}.Release|Any CPU.Build.0 = Release|Any CPU
		{D4363CBC-B5FA-4CDF-A13C-EB80BBF2E2D2}.Debug|Any CPU.ActiveCfg = Debug|Any CPU
		{D4363CBC-B5FA-4CDF-A13C-EB80BBF2E2D2}.Debug|Any CPU.Build.0 = Debug|Any CPU
		{D4363CBC-B5FA-4CDF-A13C-EB80BBF2E2D2}.Release|Any CPU.ActiveCfg = Release|Any CPU
		{D4363CBC-B5FA-4CDF-A13C-EB80BBF2E2D2}.Release|Any CPU.Build.0 = Release|Any CPU
		{1500126D-39FC-4632-AD3E-20A3CA2A735A}.Debug|Any CPU.ActiveCfg = Debug|Any CPU
		{1500126D-39FC-4632-AD3E-20A3CA2A735A}.Debug|Any CPU.Build.0 = Debug|Any CPU
		{1500126D-39FC-4632-AD3E-20A3CA2A735A}.Release|Any CPU.ActiveCfg = Release|Any CPU
		{1500126D-39FC-4632-AD3E-20A3CA2A735A}.Release|Any CPU.Build.0 = Release|Any CPU
		{9E18B088-0D9A-44EB-8CC8-58BA3558F319}.Debug|Any CPU.ActiveCfg = Debug|Any CPU
		{9E18B088-0D9A-44EB-8CC8-58BA3558F319}.Debug|Any CPU.Build.0 = Debug|Any CPU
		{9E18B088-0D9A-44EB-8CC8-58BA3558F319}.Release|Any CPU.ActiveCfg = Release|Any CPU
		{9E18B088-0D9A-44EB-8CC8-58BA3558F319}.Release|Any CPU.Build.0 = Release|Any CPU
	EndGlobalSection
	GlobalSection(SolutionProperties) = preSolution
		HideSolutionNode = FALSE
	EndGlobalSection
	GlobalSection(NestedProjects) = preSolution
		{04424F38-99C6-4E9F-9666-0FFEDE8B206B} = {1765844C-2FE5-46EA-8B7C-9FCA92FD9409}
		{1DAA27AE-32F2-4190-8D1D-F4CBF964A920} = {1765844C-2FE5-46EA-8B7C-9FCA92FD9409}
		{012CEE03-07E4-456D-BA01-9C9E36D7823F} = {1765844C-2FE5-46EA-8B7C-9FCA92FD9409}
		{7D0A1136-B0BE-4C76-B970-F900D8EDEB2E} = {1765844C-2FE5-46EA-8B7C-9FCA92FD9409}
		{620C55E9-CBB5-4E3B-A505-EA39722A16AA} = {358BF8B4-DB1A-4582-8580-6461F340902B}
		{D85E67D4-B911-4D84-AF18-50A16DF420D6} = {358BF8B4-DB1A-4582-8580-6461F340902B}
		{DFE2F384-E1E0-48DD-94D2-1D080B3E1670} = {358BF8B4-DB1A-4582-8580-6461F340902B}
		{D4363CBC-B5FA-4CDF-A13C-EB80BBF2E2D2} = {358BF8B4-DB1A-4582-8580-6461F340902B}
		{1500126D-39FC-4632-AD3E-20A3CA2A735A} = {1765844C-2FE5-46EA-8B7C-9FCA92FD9409}
		{9E18B088-0D9A-44EB-8CC8-58BA3558F319} = {1765844C-2FE5-46EA-8B7C-9FCA92FD9409}
	EndGlobalSection
	GlobalSection(ExtensibilityGlobals) = postSolution
		SolutionGuid = {F3DAC434-036A-42FF-BE45-09EBB0B9C460}
	EndGlobalSection
EndGlobal
